
Microsoft Visual Studio Solution File, Format Version 12.00
# Visual Studio Version 17
VisualStudioVersion = 17.11.35219.272
MinimumVisualStudioVersion = 10.0.40219.1
Project("{FAE04EC0-301F-11D3-BF4B-00C04F79EFBC}") = "Encryption", "Encryption\Encryption.csproj", "{2C6331FD-1BC3-41B3-B6E2-F13A4F5CB413}"
EndProject
Global
	GlobalSection(SolutionConfigurationPlatforms) = preSolution
		Debug|Any CPU = Debug|Any CPU
		Release|Any CPU = Release|Any CPU
	EndGlobalSection
	GlobalSection(ProjectConfigurationPlatforms) = postSolution
		{2C6331FD-1BC3-41B3-B6E2-F13A4F5CB413}.Debug|Any CPU.ActiveCfg = Debug|Any CPU
		{2C6331FD-1BC3-41B3-B6E2-F13A4F5CB413}.Debug|Any CPU.Build.0 = Debug|Any CPU
		{2C6331FD-1BC3-41B3-B6E2-F13A4F5CB413}.Release|Any CPU.ActiveCfg = Release|Any CPU
		{2C6331FD-1BC3-41B3-B6E2-F13A4F5CB413}.Release|Any CPU.Build.0 = Release|Any CPU
	EndGlobalSection
	GlobalSection(SolutionProperties) = preSolution
		HideSolutionNode = FALSE
	EndGlobalSection
	GlobalSection(ExtensibilityGlobals) = postSolution
		SolutionGuid = {E97FC48E-1718-4554-9F0D-BB0BA510872E}
	EndGlobalSection
EndGlobal
